<Solution>
  <Project Path="OrderProcessing.Infrastructure/OrderProcessing.Infrastructure.csproj" Id="1fd6e725-ed39-4ba1-859c-89f2b23200a3" />
  <Project Path="src/backend/OrderProcessing.Api/OrderProcessing.Api.csproj" Id="c8087929-6eca-411f-b272-a6d38ae0950a" />
  <Project Path="src/backend/OrderProcessing.Core/OrderProcessing.Core.csproj" Id="9746e933-31e8-4772-93f4-af7067ebc8c3" />
  <Project Path="src/backend/OrderProcessing.Functions/OrderProcessing.Functions.csproj" Id="fcb4a000-8c7b-42f6-8b79-af51a0ff1ce7" />
</Solution>
